// !$*UTF8*$!
{
	archiveVersion = 1;
	classes = {
	};
	objectVersion = 48;
	objects = {

/* Begin PBXBuildFile section */
		5A4A67111DC2966EA4896C38 /* Pods_HitMyDmsUITests.framework in Frameworks */ = {isa = PBXBuildFile; fileRef = D98A8164756470F08FC9CAB1 /* Pods_HitMyDmsUITests.framework */; };
		B05769290F80A94DA1AA4F34 /* Pods_HitMyDmsTests.framework in Frameworks */ = {isa = PBXBuildFile; fileRef = F117571FA1C5DF0BAE5CFEA4 /* Pods_HitMyDmsTests.framework */; };
		C83BF911204206BB0036480A /* AppDelegate.swift in Sources */ = {isa = PBXBuildFile; fileRef = C83BF910204206BB0036480A /* AppDelegate.swift */; };
		C83BF913204206BB0036480A /* ViewController.swift in Sources */ = {isa = PBXBuildFile; fileRef = C83BF912204206BB0036480A /* ViewController.swift */; };
		C83BF916204206BB0036480A /* Main.storyboard in Resources */ = {isa = PBXBuildFile; fileRef = C83BF914204206BB0036480A /* Main.storyboard */; };
		C83BF918204206BB0036480A /* Assets.xcassets in Resources */ = {isa = PBXBuildFile; fileRef = C83BF917204206BB0036480A /* Assets.xcassets */; };
		C83BF91B204206BB0036480A /* LaunchScreen.storyboard in Resources */ = {isa = PBXBuildFile; fileRef = C83BF919204206BB0036480A /* LaunchScreen.storyboard */; };
		C83BF926204206BB0036480A /* HitMyDmsTests.swift in Sources */ = {isa = PBXBuildFile; fileRef = C83BF925204206BB0036480A /* HitMyDmsTests.swift */; };
		C83BF931204206BB0036480A /* HitMyDmsUITests.swift in Sources */ = {isa = PBXBuildFile; fileRef = C83BF930204206BB0036480A /* HitMyDmsUITests.swift */; };
		CCC71D5D930396FFFCF68840 /* Pods_HitMyDms.framework in Frameworks */ = {isa = PBXBuildFile; fileRef = 130457E21AC44D2CDE4FE55C /* Pods_HitMyDms.framework */; };
/* End PBXBuildFile section */

/* Begin PBXContainerItemProxy section */
		C83BF922204206BB0036480A /* PBXContainerItemProxy */ = {
			isa = PBXContainerItemProxy;
			containerPortal = C83BF905204206BB0036480A /* Project object */;
			proxyType = 1;
			remoteGlobalIDString = C83BF90C204206BB0036480A;
			remoteInfo = HitMyDms;
		};
		C83BF92D204206BB0036480A /* PBXContainerItemProxy */ = {
			isa = PBXContainerItemProxy;
			containerPortal = C83BF905204206BB0036480A /* Project object */;
			proxyType = 1;
			remoteGlobalIDString = C83BF90C204206BB0036480A;
			remoteInfo = HitMyDms;
		};
/* End PBXContainerItemProxy section */

/* Begin PBXFileReference section */
		130457E21AC44D2CDE4FE55C /* Pods_HitMyDms.framework */ = {isa = PBXFileReference; explicitFileType = wrapper.framework; includeInIndex = 0; path = Pods_HitMyDms.framework; sourceTree = BUILT_PRODUCTS_DIR; };
		1C0DF885AE88E4FD24CDF493 /* Pods-HitMyDms.debug.xcconfig */ = {isa = PBXFileReference; includeInIndex = 1; lastKnownFileType = text.xcconfig; name = "Pods-HitMyDms.debug.xcconfig"; path = "Pods/Target Support Files/Pods-HitMyDms/Pods-HitMyDms.debug.xcconfig"; sourceTree = "<group>"; };
		5C4C2BEED3C713DEBBB055D8 /* Pods-HitMyDmsTests.debug.xcconfig */ = {isa = PBXFileReference; includeInIndex = 1; lastKnownFileType = text.xcconfig; name = "Pods-HitMyDmsTests.debug.xcconfig"; path = "Pods/Target Support Files/Pods-HitMyDmsTests/Pods-HitMyDmsTests.debug.xcconfig"; sourceTree = "<group>"; };
		63984A921A6B584B37B5F5E9 /* Pods-HitMyDmsUITests.release.xcconfig */ = {isa = PBXFileReference; includeInIndex = 1; lastKnownFileType = text.xcconfig; name = "Pods-HitMyDmsUITests.release.xcconfig"; path = "Pods/Target Support Files/Pods-HitMyDmsUITests/Pods-HitMyDmsUITests.release.xcconfig"; sourceTree = "<group>"; };
		7EEAFA6FB6B2FAF3272E16FE /* Pods-HitMyDmsUITests.debug.xcconfig */ = {isa = PBXFileReference; includeInIndex = 1; lastKnownFileType = text.xcconfig; name = "Pods-HitMyDmsUITests.debug.xcconfig"; path = "Pods/Target Support Files/Pods-HitMyDmsUITests/Pods-HitMyDmsUITests.debug.xcconfig"; sourceTree = "<group>"; };
		C83BF90D204206BB0036480A /* HitMyDms.app */ = {isa = PBXFileReference; explicitFileType = wrapper.application; includeInIndex = 0; path = HitMyDms.app; sourceTree = BUILT_PRODUCTS_DIR; };
		C83BF910204206BB0036480A /* AppDelegate.swift */ = {isa = PBXFileReference; lastKnownFileType = sourcecode.swift; path = AppDelegate.swift; sourceTree = "<group>"; };
		C83BF912204206BB0036480A /* ViewController.swift */ = {isa = PBXFileReference; lastKnownFileType = sourcecode.swift; path = ViewController.swift; sourceTree = "<group>"; };
		C83BF915204206BB0036480A /* Base */ = {isa = PBXFileReference; lastKnownFileType = file.storyboard; name = Base; path = Base.lproj/Main.storyboard; sourceTree = "<group>"; };
		C83BF917204206BB0036480A /* Assets.xcassets */ = {isa = PBXFileReference; lastKnownFileType = folder.assetcatalog; path = Assets.xcassets; sourceTree = "<group>"; };
		C83BF91A204206BB0036480A /* Base */ = {isa = PBXFileReference; lastKnownFileType = file.storyboard; name = Base; path = Base.lproj/LaunchScreen.storyboard; sourceTree = "<group>"; };
		C83BF91C204206BB0036480A /* Info.plist */ = {isa = PBXFileReference; lastKnownFileType = text.plist.xml; path = Info.plist; sourceTree = "<group>"; };
		C83BF921204206BB0036480A /* HitMyDmsTests.xctest */ = {isa = PBXFileReference; explicitFileType = wrapper.cfbundle; includeInIndex = 0; path = HitMyDmsTests.xctest; sourceTree = BUILT_PRODUCTS_DIR; };
		C83BF925204206BB0036480A /* HitMyDmsTests.swift */ = {isa = PBXFileReference; lastKnownFileType = sourcecode.swift; path = HitMyDmsTests.swift; sourceTree = "<group>"; };
		C83BF927204206BB0036480A /* Info.plist */ = {isa = PBXFileReference; lastKnownFileType = text.plist.xml; path = Info.plist; sourceTree = "<group>"; };
		C83BF92C204206BB0036480A /* HitMyDmsUITests.xctest */ = {isa = PBXFileReference; explicitFileType = wrapper.cfbundle; includeInIndex = 0; path = HitMyDmsUITests.xctest; sourceTree = BUILT_PRODUCTS_DIR; };
		C83BF930204206BB0036480A /* HitMyDmsUITests.swift */ = {isa = PBXFileReference; lastKnownFileType = sourcecode.swift; path = HitMyDmsUITests.swift; sourceTree = "<group>"; };
		C83BF932204206BB0036480A /* Info.plist */ = {isa = PBXFileReference; lastKnownFileType = text.plist.xml; path = Info.plist; sourceTree = "<group>"; };
		D343FBCF09E90E36CD09F4D0 /* Pods-HitMyDmsTests.release.xcconfig */ = {isa = PBXFileReference; includeInIndex = 1; lastKnownFileType = text.xcconfig; name = "Pods-HitMyDmsTests.release.xcconfig"; path = "Pods/Target Support Files/Pods-HitMyDmsTests/Pods-HitMyDmsTests.release.xcconfig"; sourceTree = "<group>"; };
		D98A8164756470F08FC9CAB1 /* Pods_HitMyDmsUITests.framework */ = {isa = PBXFileReference; explicitFileType = wrapper.framework; includeInIndex = 0; path = Pods_HitMyDmsUITests.framework; sourceTree = BUILT_PRODUCTS_DIR; };
		EB36CDFF8BB807D536BA1FDB /* Pods-HitMyDms.release.xcconfig */ = {isa = PBXFileReference; includeInIndex = 1; lastKnownFileType = text.xcconfig; name = "Pods-HitMyDms.release.xcconfig"; path = "Pods/Target Support Files/Pods-HitMyDms/Pods-HitMyDms.release.xcconfig"; sourceTree = "<group>"; };
		F117571FA1C5DF0BAE5CFEA4 /* Pods_HitMyDmsTests.framework */ = {isa = PBXFileReference; explicitFileType = wrapper.framework; includeInIndex = 0; path = Pods_HitMyDmsTests.framework; sourceTree = BUILT_PRODUCTS_DIR; };
/* End PBXFileReference section */

/* Begin PBXFrameworksBuildPhase section */
		C83BF90A204206BB0036480A /* Frameworks */ = {
			isa = PBXFrameworksBuildPhase;
			buildActionMask = 2147483647;
			files = (
				CCC71D5D930396FFFCF68840 /* Pods_HitMyDms.framework in Frameworks */,
			);
			runOnlyForDeploymentPostprocessing = 0;
		};
		C83BF91E204206BB0036480A /* Frameworks */ = {
			isa = PBXFrameworksBuildPhase;
			buildActionMask = 2147483647;
			files = (
				B05769290F80A94DA1AA4F34 /* Pods_HitMyDmsTests.framework in Frameworks */,
			);
			runOnlyForDeploymentPostprocessing = 0;
		};
		C83BF929204206BB0036480A /* Frameworks */ = {
			isa = PBXFrameworksBuildPhase;
			buildActionMask = 2147483647;
			files = (
				5A4A67111DC2966EA4896C38 /* Pods_HitMyDmsUITests.framework in Frameworks */,
			);
			runOnlyForDeploymentPostprocessing = 0;
		};
/* End PBXFrameworksBuildPhase section */

/* Begin PBXGroup section */
		46F17EA3466B2281C4606C06 /* Frameworks */ = {
			isa = PBXGroup;
			children = (
				130457E21AC44D2CDE4FE55C /* Pods_HitMyDms.framework */,
				F117571FA1C5DF0BAE5CFEA4 /* Pods_HitMyDmsTests.framework */,
				D98A8164756470F08FC9CAB1 /* Pods_HitMyDmsUITests.framework */,
			);
			name = Frameworks;
			sourceTree = "<group>";
		};
		C83BF904204206BB0036480A = {
			isa = PBXGroup;
			children = (
				C83BF90F204206BB0036480A /* HitMyDms */,
				C83BF924204206BB0036480A /* HitMyDmsTests */,
				C83BF92F204206BB0036480A /* HitMyDmsUITests */,
				C83BF90E204206BB0036480A /* Products */,
				D29A0BCC2F0104C353CA919A /* Pods */,
				46F17EA3466B2281C4606C06 /* Frameworks */,
			);
			sourceTree = "<group>";
		};
		C83BF90E204206BB0036480A /* Products */ = {
			isa = PBXGroup;
			children = (
				C83BF90D204206BB0036480A /* HitMyDms.app */,
				C83BF921204206BB0036480A /* HitMyDmsTests.xctest */,
				C83BF92C204206BB0036480A /* HitMyDmsUITests.xctest */,
			);
			name = Products;
			sourceTree = "<group>";
		};
		C83BF90F204206BB0036480A /* HitMyDms */ = {
			isa = PBXGroup;
			children = (
				C83BF910204206BB0036480A /* AppDelegate.swift */,
				C83BF912204206BB0036480A /* ViewController.swift */,
				C83BF914204206BB0036480A /* Main.storyboard */,
				C83BF917204206BB0036480A /* Assets.xcassets */,
				C83BF919204206BB0036480A /* LaunchScreen.storyboard */,
				C83BF91C204206BB0036480A /* Info.plist */,
			);
			path = HitMyDms;
			sourceTree = "<group>";
		};
		C83BF924204206BB0036480A /* HitMyDmsTests */ = {
			isa = PBXGroup;
			children = (
				C83BF925204206BB0036480A /* HitMyDmsTests.swift */,
				C83BF927204206BB0036480A /* Info.plist */,
			);
			path = HitMyDmsTests;
			sourceTree = "<group>";
		};
		C83BF92F204206BB0036480A /* HitMyDmsUITests */ = {
			isa = PBXGroup;
			children = (
				C83BF930204206BB0036480A /* HitMyDmsUITests.swift */,
				C83BF932204206BB0036480A /* Info.plist */,
			);
			path = HitMyDmsUITests;
			sourceTree = "<group>";
		};
		D29A0BCC2F0104C353CA919A /* Pods */ = {
			isa = PBXGroup;
			children = (
				1C0DF885AE88E4FD24CDF493 /* Pods-HitMyDms.debug.xcconfig */,
				EB36CDFF8BB807D536BA1FDB /* Pods-HitMyDms.release.xcconfig */,
				5C4C2BEED3C713DEBBB055D8 /* Pods-HitMyDmsTests.debug.xcconfig */,
				D343FBCF09E90E36CD09F4D0 /* Pods-HitMyDmsTests.release.xcconfig */,
				7EEAFA6FB6B2FAF3272E16FE /* Pods-HitMyDmsUITests.debug.xcconfig */,
				63984A921A6B584B37B5F5E9 /* Pods-HitMyDmsUITests.release.xcconfig */,
			);
			name = Pods;
			sourceTree = "<group>";
		};
/* End PBXGroup section */

/* Begin PBXNativeTarget section */
		C83BF90C204206BB0036480A /* HitMyDms */ = {
			isa = PBXNativeTarget;
			buildConfigurationList = C83BF935204206BB0036480A /* Build configuration list for PBXNativeTarget "HitMyDms" */;
			buildPhases = (
				8302B8418BA904B3361BDDB8 /* [CP] Check Pods Manifest.lock */,
				C83BF909204206BB0036480A /* Sources */,
				C83BF90A204206BB0036480A /* Frameworks */,
				C83BF90B204206BB0036480A /* Resources */,
				6EA5FAFB1265C1A8F7C010EC /* [CP] Embed Pods Frameworks */,
				8A2C744E452E51B496FF00D5 /* [CP] Copy Pods Resources */,
			);
			buildRules = (
			);
			dependencies = (
			);
			name = HitMyDms;
			productName = HitMyDms;
			productReference = C83BF90D204206BB0036480A /* HitMyDms.app */;
			productType = "com.apple.product-type.application";
		};
		C83BF920204206BB0036480A /* HitMyDmsTests */ = {
			isa = PBXNativeTarget;
			buildConfigurationList = C83BF938204206BB0036480A /* Build configuration list for PBXNativeTarget "HitMyDmsTests" */;
			buildPhases = (
				C96E29A447A88DAF34AC135C /* [CP] Check Pods Manifest.lock */,
				C83BF91D204206BB0036480A /* Sources */,
				C83BF91E204206BB0036480A /* Frameworks */,
				C83BF91F204206BB0036480A /* Resources */,
				023A553E4DE3E6EFE2166E91 /* [CP] Embed Pods Frameworks */,
				F7CD2F099DC7D4ED8C8D8189 /* [CP] Copy Pods Resources */,
			);
			buildRules = (
			);
			dependencies = (
				C83BF923204206BB0036480A /* PBXTargetDependency */,
			);
			name = HitMyDmsTests;
			productName = HitMyDmsTests;
			productReference = C83BF921204206BB0036480A /* HitMyDmsTests.xctest */;
			productType = "com.apple.product-type.bundle.unit-test";
		};
		C83BF92B204206BB0036480A /* HitMyDmsUITests */ = {
			isa = PBXNativeTarget;
			buildConfigurationList = C83BF93B204206BB0036480A /* Build configuration list for PBXNativeTarget "HitMyDmsUITests" */;
			buildPhases = (
				7705985EF1931E0CB522380E /* [CP] Check Pods Manifest.lock */,
				C83BF928204206BB0036480A /* Sources */,
				C83BF929204206BB0036480A /* Frameworks */,
				C83BF92A204206BB0036480A /* Resources */,
				8E66D2A972C50AEEC865E06D /* [CP] Embed Pods Frameworks */,
				51EAAA401C748BDBE51AA5FC /* [CP] Copy Pods Resources */,
			);
			buildRules = (
			);
			dependencies = (
				C83BF92E204206BB0036480A /* PBXTargetDependency */,
			);
			name = HitMyDmsUITests;
			productName = HitMyDmsUITests;
			productReference = C83BF92C204206BB0036480A /* HitMyDmsUITests.xctest */;
			productType = "com.apple.product-type.bundle.ui-testing";
		};
/* End PBXNativeTarget section */

/* Begin PBXProject section */
		C83BF905204206BB0036480A /* Project object */ = {
			isa = PBXProject;
			attributes = {
				LastSwiftUpdateCheck = 0920;
				LastUpgradeCheck = 0920;
				ORGANIZATIONNAME = "Kymberlee Hill";
				TargetAttributes = {
					C83BF90C204206BB0036480A = {
						CreatedOnToolsVersion = 9.2;
						ProvisioningStyle = Automatic;
					};
					C83BF920204206BB0036480A = {
						CreatedOnToolsVersion = 9.2;
						ProvisioningStyle = Automatic;
						TestTargetID = C83BF90C204206BB0036480A;
					};
					C83BF92B204206BB0036480A = {
						CreatedOnToolsVersion = 9.2;
						ProvisioningStyle = Automatic;
						TestTargetID = C83BF90C204206BB0036480A;
					};
				};
			};
			buildConfigurationList = C83BF908204206BB0036480A /* Build configuration list for PBXProject "HitMyDms" */;
			compatibilityVersion = "Xcode 8.0";
			developmentRegion = en;
			hasScannedForEncodings = 0;
			knownRegions = (
				en,
				Base,
			);
			mainGroup = C83BF904204206BB0036480A;
			productRefGroup = C83BF90E204206BB0036480A /* Products */;
			projectDirPath = "";
			projectRoot = "";
			targets = (
				C83BF90C204206BB0036480A /* HitMyDms */,
				C83BF920204206BB0036480A /* HitMyDmsTests */,
				C83BF92B204206BB0036480A /* HitMyDmsUITests */,
			);
		};
/* End PBXProject section */

/* Begin PBXResourcesBuildPhase section */
		C83BF90B204206BB0036480A /* Resources */ = {
			isa = PBXResourcesBuildPhase;
			buildActionMask = 2147483647;
			files = (
				C83BF91B204206BB0036480A /* LaunchScreen.storyboard in Resources */,
				C83BF918204206BB0036480A /* Assets.xcassets in Resources */,
				C83BF916204206BB0036480A /* Main.storyboard in Resources */,
			);
			runOnlyForDeploymentPostprocessing = 0;
		};
		C83BF91F204206BB0036480A /* Resources */ = {
			isa = PBXResourcesBuildPhase;
			buildActionMask = 2147483647;
			files = (
			);
			runOnlyForDeploymentPostprocessing = 0;
		};
		C83BF92A204206BB0036480A /* Resources */ = {
			isa = PBXResourcesBuildPhase;
			buildActionMask = 2147483647;
			files = (
			);
			runOnlyForDeploymentPostprocessing = 0;
		};
/* End PBXResourcesBuildPhase section */

/* Begin PBXShellScriptBuildPhase section */
		023A553E4DE3E6EFE2166E91 /* [CP] Embed Pods Frameworks */ = {
			isa = PBXShellScriptBuildPhase;
			buildActionMask = 2147483647;
			files = (
			);
			inputPaths = (
			);
			name = "[CP] Embed Pods Frameworks";
			outputPaths = (
			);
			runOnlyForDeploymentPostprocessing = 0;
			shellPath = /bin/sh;
			shellScript = "\"${SRCROOT}/Pods/Target Support Files/Pods-HitMyDmsTests/Pods-HitMyDmsTests-frameworks.sh\"\n";
			showEnvVarsInLog = 0;
		};
		51EAAA401C748BDBE51AA5FC /* [CP] Copy Pods Resources */ = {
			isa = PBXShellScriptBuildPhase;
			buildActionMask = 2147483647;
			files = (
			);
			inputPaths = (
			);
			name = "[CP] Copy Pods Resources";
			outputPaths = (
			);
			runOnlyForDeploymentPostprocessing = 0;
			shellPath = /bin/sh;
			shellScript = "\"${SRCROOT}/Pods/Target Support Files/Pods-HitMyDmsUITests/Pods-HitMyDmsUITests-resources.sh\"\n";
			showEnvVarsInLog = 0;
		};
		6EA5FAFB1265C1A8F7C010EC /* [CP] Embed Pods Frameworks */ = {
			isa = PBXShellScriptBuildPhase;
			buildActionMask = 2147483647;
			files = (
			);
			inputPaths = (
			);
			name = "[CP] Embed Pods Frameworks";
			outputPaths = (
			);
			runOnlyForDeploymentPostprocessing = 0;
			shellPath = /bin/sh;
			shellScript = "\"${SRCROOT}/Pods/Target Support Files/Pods-HitMyDms/Pods-HitMyDms-frameworks.sh\"\n";
			showEnvVarsInLog = 0;
		};
		7705985EF1931E0CB522380E /* [CP] Check Pods Manifest.lock */ = {
			isa = PBXShellScriptBuildPhase;
			buildActionMask = 2147483647;
			files = (
			);
			inputPaths = (
			);
			name = "[CP] Check Pods Manifest.lock";
			outputPaths = (
			);
			runOnlyForDeploymentPostprocessing = 0;
			shellPath = /bin/sh;
			shellScript = "diff \"${PODS_PODFILE_DIR_PATH}/Podfile.lock\" \"${PODS_ROOT}/Manifest.lock\" > /dev/null\nif [ $? != 0 ] ; then\n    # print error to STDERR\n    echo \"error: The sandbox is not in sync with the Podfile.lock. Run 'pod install' or update your CocoaPods installation.\" >&2\n    exit 1\nfi\n";
			showEnvVarsInLog = 0;
		};
		8302B8418BA904B3361BDDB8 /* [CP] Check Pods Manifest.lock */ = {
			isa = PBXShellScriptBuildPhase;
			buildActionMask = 2147483647;
			files = (
			);
			inputPaths = (
			);
			name = "[CP] Check Pods Manifest.lock";
			outputPaths = (
			);
			runOnlyForDeploymentPostprocessing = 0;
			shellPath = /bin/sh;
			shellScript = "diff \"${PODS_PODFILE_DIR_PATH}/Podfile.lock\" \"${PODS_ROOT}/Manifest.lock\" > /dev/null\nif [ $? != 0 ] ; then\n    # print error to STDERR\n    echo \"error: The sandbox is not in sync with the Podfile.lock. Run 'pod install' or update your CocoaPods installation.\" >&2\n    exit 1\nfi\n";
			showEnvVarsInLog = 0;
		};
		8A2C744E452E51B496FF00D5 /* [CP] Copy Pods Resources */ = {
			isa = PBXShellScriptBuildPhase;
			buildActionMask = 2147483647;
			files = (
			);
			inputPaths = (
			);
			name = "[CP] Copy Pods Resources";
			outputPaths = (
			);
			runOnlyForDeploymentPostprocessing = 0;
			shellPath = /bin/sh;
			shellScript = "\"${SRCROOT}/Pods/Target Support Files/Pods-HitMyDms/Pods-HitMyDms-resources.sh\"\n";
			showEnvVarsInLog = 0;
		};
		8E66D2A972C50AEEC865E06D /* [CP] Embed Pods Frameworks */ = {
			isa = PBXShellScriptBuildPhase;
			buildActionMask = 2147483647;
			files = (
			);
			inputPaths = (
			);
			name = "[CP] Embed Pods Frameworks";
			outputPaths = (
			);
			runOnlyForDeploymentPostprocessing = 0;
			shellPath = /bin/sh;
			shellScript = "\"${SRCROOT}/Pods/Target Support Files/Pods-HitMyDmsUITests/Pods-HitMyDmsUITests-frameworks.sh\"\n";
			showEnvVarsInLog = 0;
		};
		C96E29A447A88DAF34AC135C /* [CP] Check Pods Manifest.lock */ = {
			isa = PBXShellScriptBuildPhase;
			buildActionMask = 2147483647;
			files = (
			);
			inputPaths = (
			);
			name = "[CP] Check Pods Manifest.lock";
			outputPaths = (
			);
			runOnlyForDeploymentPostprocessing = 0;
			shellPath = /bin/sh;
			shellScript = "diff \"${PODS_PODFILE_DIR_PATH}/Podfile.lock\" \"${PODS_ROOT}/Manifest.lock\" > /dev/null\nif [ $? != 0 ] ; then\n    # print error to STDERR\n    echo \"error: The sandbox is not in sync with the Podfile.lock. Run 'pod install' or update your CocoaPods installation.\" >&2\n    exit 1\nfi\n";
			showEnvVarsInLog = 0;
		};
		F7CD2F099DC7D4ED8C8D8189 /* [CP] Copy Pods Resources */ = {
			isa = PBXShellScriptBuildPhase;
			buildActionMask = 2147483647;
			files = (
			);
			inputPaths = (
			);
			name = "[CP] Copy Pods Resources";
			outputPaths = (
			);
			runOnlyForDeploymentPostprocessing = 0;
			shellPath = /bin/sh;
			shellScript = "\"${SRCROOT}/Pods/Target Support Files/Pods-HitMyDmsTests/Pods-HitMyDmsTests-resources.sh\"\n";
			showEnvVarsInLog = 0;
		};
/* End PBXShellScriptBuildPhase section */

/* Begin PBXSourcesBuildPhase section */
		C83BF909204206BB0036480A /* Sources */ = {
			isa = PBXSourcesBuildPhase;
			buildActionMask = 2147483647;
			files = (
				C83BF913204206BB0036480A /* ViewController.swift in Sources */,
				C83BF911204206BB0036480A /* AppDelegate.swift in Sources */,
			);
			runOnlyForDeploymentPostprocessing = 0;
		};
		C83BF91D204206BB0036480A /* Sources */ = {
			isa = PBXSourcesBuildPhase;
			buildActionMask = 2147483647;
			files = (
				C83BF926204206BB0036480A /* HitMyDmsTests.swift in Sources */,
			);
			runOnlyForDeploymentPostprocessing = 0;
		};
		C83BF928204206BB0036480A /* Sources */ = {
			isa = PBXSourcesBuildPhase;
			buildActionMask = 2147483647;
			files = (
				C83BF931204206BB0036480A /* HitMyDmsUITests.swift in Sources */,
			);
			runOnlyForDeploymentPostprocessing = 0;
		};
/* End PBXSourcesBuildPhase section */

/* Begin PBXTargetDependency section */
		C83BF923204206BB0036480A /* PBXTargetDependency */ = {
			isa = PBXTargetDependency;
			target = C83BF90C204206BB0036480A /* HitMyDms */;
			targetProxy = C83BF922204206BB0036480A /* PBXContainerItemProxy */;
		};
		C83BF92E204206BB0036480A /* PBXTargetDependency */ = {
			isa = PBXTargetDependency;
			target = C83BF90C204206BB0036480A /* HitMyDms */;
			targetProxy = C83BF92D204206BB0036480A /* PBXContainerItemProxy */;
		};
/* End PBXTargetDependency section */

/* Begin PBXVariantGroup section */
		C83BF914204206BB0036480A /* Main.storyboard */ = {
			isa = PBXVariantGroup;
			children = (
				C83BF915204206BB0036480A /* Base */,
			);
			name = Main.storyboard;
			sourceTree = "<group>";
		};
		C83BF919204206BB0036480A /* LaunchScreen.storyboard */ = {
			isa = PBXVariantGroup;
			children = (
				C83BF91A204206BB0036480A /* Base */,
			);
			name = LaunchScreen.storyboard;
			sourceTree = "<group>";
		};
/* End PBXVariantGroup section */

/* Begin XCBuildConfiguration section */
		C83BF933204206BB0036480A /* Debug */ = {
			isa = XCBuildConfiguration;
			buildSettings = {
				ALWAYS_SEARCH_USER_PATHS = NO;
				CLANG_ANALYZER_NONNULL = YES;
				CLANG_ANALYZER_NUMBER_OBJECT_CONVERSION = YES_AGGRESSIVE;
				CLANG_CXX_LANGUAGE_STANDARD = "gnu++14";
				CLANG_CXX_LIBRARY = "libc++";
				CLANG_ENABLE_MODULES = YES;
				CLANG_ENABLE_OBJC_ARC = YES;
				CLANG_WARN_BLOCK_CAPTURE_AUTORELEASING = YES;
				CLANG_WARN_BOOL_CONVERSION = YES;
				CLANG_WARN_COMMA = YES;
				CLANG_WARN_CONSTANT_CONVERSION = YES;
				CLANG_WARN_DIRECT_OBJC_ISA_USAGE = YES_ERROR;
				CLANG_WARN_DOCUMENTATION_COMMENTS = YES;
				CLANG_WARN_EMPTY_BODY = YES;
				CLANG_WARN_ENUM_CONVERSION = YES;
				CLANG_WARN_INFINITE_RECURSION = YES;
				CLANG_WARN_INT_CONVERSION = YES;
				CLANG_WARN_NON_LITERAL_NULL_CONVERSION = YES;
				CLANG_WARN_OBJC_LITERAL_CONVERSION = YES;
				CLANG_WARN_OBJC_ROOT_CLASS = YES_ERROR;
				CLANG_WARN_RANGE_LOOP_ANALYSIS = YES;
				CLANG_WARN_STRICT_PROTOTYPES = YES;
				CLANG_WARN_SUSPICIOUS_MOVE = YES;
				CLANG_WARN_UNGUARDED_AVAILABILITY = YES_AGGRESSIVE;
				CLANG_WARN_UNREACHABLE_CODE = YES;
				CLANG_WARN__DUPLICATE_METHOD_MATCH = YES;
				CODE_SIGN_IDENTITY = "iPhone Developer";
				COPY_PHASE_STRIP = NO;
				DEBUG_INFORMATION_FORMAT = dwarf;
				ENABLE_STRICT_OBJC_MSGSEND = YES;
				ENABLE_TESTABILITY = YES;
				GCC_C_LANGUAGE_STANDARD = gnu11;
				GCC_DYNAMIC_NO_PIC = NO;
				GCC_NO_COMMON_BLOCKS = YES;
				GCC_OPTIMIZATION_LEVEL = 0;
				GCC_PREPROCESSOR_DEFINITIONS = (
					"DEBUG=1",
					"$(inherited)",
				);
				GCC_WARN_64_TO_32_BIT_CONVERSION = YES;
				GCC_WARN_ABOUT_RETURN_TYPE = YES_ERROR;
				GCC_WARN_UNDECLARED_SELECTOR = YES;
				GCC_WARN_UNINITIALIZED_AUTOS = YES_AGGRESSIVE;
				GCC_WARN_UNUSED_FUNCTION = YES;
				GCC_WARN_UNUSED_VARIABLE = YES;
				IPHONEOS_DEPLOYMENT_TARGET = 11.2;
				MTL_ENABLE_DEBUG_INFO = YES;
				ONLY_ACTIVE_ARCH = YES;
				SDKROOT = iphoneos;
				SWIFT_ACTIVE_COMPILATION_CONDITIONS = DEBUG;
				SWIFT_OPTIMIZATION_LEVEL = "-Onone";
			};
			name = Debug;
		};
		C83BF934204206BB0036480A /* Release */ = {
			isa = XCBuildConfiguration;
			buildSettings = {
				ALWAYS_SEARCH_USER_PATHS = NO;
				CLANG_ANALYZER_NONNULL = YES;
				CLANG_ANALYZER_NUMBER_OBJECT_CONVERSION = YES_AGGRESSIVE;
				CLANG_CXX_LANGUAGE_STANDARD = "gnu++14";
				CLANG_CXX_LIBRARY = "libc++";
				CLANG_ENABLE_MODULES = YES;
				CLANG_ENABLE_OBJC_ARC = YES;
				CLANG_WARN_BLOCK_CAPTURE_AUTORELEASING = YES;
				CLANG_WARN_BOOL_CONVERSION = YES;
				CLANG_WARN_COMMA = YES;
				CLANG_WARN_CONSTANT_CONVERSION = YES;
				CLANG_WARN_DIRECT_OBJC_ISA_USAGE = YES_ERROR;
				CLANG_WARN_DOCUMENTATION_COMMENTS = YES;
				CLANG_WARN_EMPTY_BODY = YES;
				CLANG_WARN_ENUM_CONVERSION = YES;
				CLANG_WARN_INFINITE_RECURSION = YES;
				CLANG_WARN_INT_CONVERSION = YES;
				CLANG_WARN_NON_LITERAL_NULL_CONVERSION = YES;
				CLANG_WARN_OBJC_LITERAL_CONVERSION = YES;
				CLANG_WARN_OBJC_ROOT_CLASS = YES_ERROR;
				CLANG_WARN_RANGE_LOOP_ANALYSIS = YES;
				CLANG_WARN_STRICT_PROTOTYPES = YES;
				CLANG_WARN_SUSPICIOUS_MOVE = YES;
				CLANG_WARN_UNGUARDED_AVAILABILITY = YES_AGGRESSIVE;
				CLANG_WARN_UNREACHABLE_CODE = YES;
				CLANG_WARN__DUPLICATE_METHOD_MATCH = YES;
				CODE_SIGN_IDENTITY = "iPhone Developer";
				COPY_PHASE_STRIP = NO;
				DEBUG_INFORMATION_FORMAT = "dwarf-with-dsym";
				ENABLE_NS_ASSERTIONS = NO;
				ENABLE_STRICT_OBJC_MSGSEND = YES;
				GCC_C_LANGUAGE_STANDARD = gnu11;
				GCC_NO_COMMON_BLOCKS = YES;
				GCC_WARN_64_TO_32_BIT_CONVERSION = YES;
				GCC_WARN_ABOUT_RETURN_TYPE = YES_ERROR;
				GCC_WARN_UNDECLARED_SELECTOR = YES;
				GCC_WARN_UNINITIALIZED_AUTOS = YES_AGGRESSIVE;
				GCC_WARN_UNUSED_FUNCTION = YES;
				GCC_WARN_UNUSED_VARIABLE = YES;
				IPHONEOS_DEPLOYMENT_TARGET = 11.2;
				MTL_ENABLE_DEBUG_INFO = NO;
				SDKROOT = iphoneos;
				SWIFT_OPTIMIZATION_LEVEL = "-Owholemodule";
				VALIDATE_PRODUCT = YES;
			};
			name = Release;
		};
		C83BF936204206BB0036480A /* Debug */ = {
			isa = XCBuildConfiguration;
			baseConfigurationReference = 1C0DF885AE88E4FD24CDF493 /* Pods-HitMyDms.debug.xcconfig */;
			buildSettings = {
				ASSETCATALOG_COMPILER_APPICON_NAME = AppIcon;
				CODE_SIGN_STYLE = Automatic;
				INFOPLIST_FILE = HitMyDms/Info.plist;
				LD_RUNPATH_SEARCH_PATHS = "$(inherited) @executable_path/Frameworks";
				PRODUCT_BUNDLE_IDENTIFIER = kym.HitMyDms;
				PRODUCT_NAME = "$(TARGET_NAME)";
				SWIFT_VERSION = 4.0;
				TARGETED_DEVICE_FAMILY = "1,2";
			};
			name = Debug;
		};
		C83BF937204206BB0036480A /* Release */ = {
			isa = XCBuildConfiguration;
			baseConfigurationReference = EB36CDFF8BB807D536BA1FDB /* Pods-HitMyDms.release.xcconfig */;
			buildSettings = {
				ASSETCATALOG_COMPILER_APPICON_NAME = AppIcon;
				CODE_SIGN_STYLE = Automatic;
				INFOPLIST_FILE = HitMyDms/Info.plist;
				LD_RUNPATH_SEARCH_PATHS = "$(inherited) @executable_path/Frameworks";
				PRODUCT_BUNDLE_IDENTIFIER = kym.HitMyDms;
				PRODUCT_NAME = "$(TARGET_NAME)";
				SWIFT_VERSION = 4.0;
				TARGETED_DEVICE_FAMILY = "1,2";
			};
			name = Release;
		};
		C83BF939204206BB0036480A /* Debug */ = {
			isa = XCBuildConfiguration;
			baseConfigurationReference = 5C4C2BEED3C713DEBBB055D8 /* Pods-HitMyDmsTests.debug.xcconfig */;
			buildSettings = {
				ALWAYS_EMBED_SWIFT_STANDARD_LIBRARIES = YES;
				BUNDLE_LOADER = "$(TEST_HOST)";
				CODE_SIGN_STYLE = Automatic;
				INFOPLIST_FILE = HitMyDmsTests/Info.plist;
				LD_RUNPATH_SEARCH_PATHS = "$(inherited) @executable_path/Frameworks @loader_path/Frameworks";
				PRODUCT_BUNDLE_IDENTIFIER = kym.HitMyDmsTests;
				PRODUCT_NAME = "$(TARGET_NAME)";
				SWIFT_VERSION = 4.0;
				TARGETED_DEVICE_FAMILY = "1,2";
				TEST_HOST = "$(BUILT_PRODUCTS_DIR)/HitMyDms.app/HitMyDms";
			};
			name = Debug;
		};
		C83BF93A204206BB0036480A /* Release */ = {
			isa = XCBuildConfiguration;
			baseConfigurationReference = D343FBCF09E90E36CD09F4D0 /* Pods-HitMyDmsTests.release.xcconfig */;
			buildSettings = {
				ALWAYS_EMBED_SWIFT_STANDARD_LIBRARIES = YES;
				BUNDLE_LOADER = "$(TEST_HOST)";
				CODE_SIGN_STYLE = Automatic;
				INFOPLIST_FILE = HitMyDmsTests/Info.plist;
				LD_RUNPATH_SEARCH_PATHS = "$(inherited) @executable_path/Frameworks @loader_path/Frameworks";
				PRODUCT_BUNDLE_IDENTIFIER = kym.HitMyDmsTests;
				PRODUCT_NAME = "$(TARGET_NAME)";
				SWIFT_VERSION = 4.0;
				TARGETED_DEVICE_FAMILY = "1,2";
				TEST_HOST = "$(BUILT_PRODUCTS_DIR)/HitMyDms.app/HitMyDms";
			};
			name = Release;
		};
		C83BF93C204206BB0036480A /* Debug */ = {
			isa = XCBuildConfiguration;
			baseConfigurationReference = 7EEAFA6FB6B2FAF3272E16FE /* Pods-HitMyDmsUITests.debug.xcconfig */;
			buildSettings = {
				ALWAYS_EMBED_SWIFT_STANDARD_LIBRARIES = YES;
				CODE_SIGN_STYLE = Automatic;
				INFOPLIST_FILE = HitMyDmsUITests/Info.plist;
				LD_RUNPATH_SEARCH_PATHS = "$(inherited) @executable_path/Frameworks @loader_path/Frameworks";
				PRODUCT_BUNDLE_IDENTIFIER = kym.HitMyDmsUITests;
				PRODUCT_NAME = "$(TARGET_NAME)";
				SWIFT_VERSION = 4.0;
				TARGETED_DEVICE_FAMILY = "1,2";
				TEST_TARGET_NAME = HitMyDms;
			};
			name = Debug;
		};
		C83BF93D204206BB0036480A /* Release */ = {
			isa = XCBuildConfiguration;
			baseConfigurationReference = 63984A921A6B584B37B5F5E9 /* Pods-HitMyDmsUITests.release.xcconfig */;
			buildSettings = {
				ALWAYS_EMBED_SWIFT_STANDARD_LIBRARIES = YES;
				CODE_SIGN_STYLE = Automatic;
				INFOPLIST_FILE = HitMyDmsUITests/Info.plist;
				LD_RUNPATH_SEARCH_PATHS = "$(inherited) @executable_path/Frameworks @loader_path/Frameworks";
				PRODUCT_BUNDLE_IDENTIFIER = kym.HitMyDmsUITests;
				PRODUCT_NAME = "$(TARGET_NAME)";
				SWIFT_VERSION = 4.0;
				TARGETED_DEVICE_FAMILY = "1,2";
				TEST_TARGET_NAME = HitMyDms;
			};
			name = Release;
		};
/* End XCBuildConfiguration section */

/* Begin XCConfigurationList section */
		C83BF908204206BB0036480A /* Build configuration list for PBXProject "HitMyDms" */ = {
			isa = XCConfigurationList;
			buildConfigurations = (
				C83BF933204206BB0036480A /* Debug */,
				C83BF934204206BB0036480A /* Release */,
			);
			defaultConfigurationIsVisible = 0;
			defaultConfigurationName = Release;
		};
		C83BF935204206BB0036480A /* Build configuration list for PBXNativeTarget "HitMyDms" */ = {
			isa = XCConfigurationList;
			buildConfigurations = (
				C83BF936204206BB0036480A /* Debug */,
				C83BF937204206BB0036480A /* Release */,
			);
			defaultConfigurationIsVisible = 0;
			defaultConfigurationName = Release;
		};
		C83BF938204206BB0036480A /* Build configuration list for PBXNativeTarget "HitMyDmsTests" */ = {
			isa = XCConfigurationList;
			buildConfigurations = (
				C83BF939204206BB0036480A /* Debug */,
				C83BF93A204206BB0036480A /* Release */,
			);
			defaultConfigurationIsVisible = 0;
			defaultConfigurationName = Release;
		};
		C83BF93B204206BB0036480A /* Build configuration list for PBXNativeTarget "HitMyDmsUITests" */ = {
			isa = XCConfigurationList;
			buildConfigurations = (
				C83BF93C204206BB0036480A /* Debug */,
				C83BF93D204206BB0036480A /* Release */,
			);
			defaultConfigurationIsVisible = 0;
			defaultConfigurationName = Release;
		};
/* End XCConfigurationList section */
	};
	rootObject = C83BF905204206BB0036480A /* Project object */;
}
